
Microsoft Visual Studio Solution File, Format Version 12.00
# Visual Studio Version 16
VisualStudioVersion = 16.0.29709.97
MinimumVisualStudioVersion = 10.0.40219.1
Project("{2150E333-8FDC-42A3-9474-1A3956D46DE8}") = "docs", "docs", "{53CDF02D-79F3-4DE6-A826-9499ED7050F8}"
	ProjectSection(SolutionItems) = preProject
		..\docs\Notes.txt = ..\docs\Notes.txt
	EndProjectSection
EndProject
Project("{2150E333-8FDC-42A3-9474-1A3956D46DE8}") = "tests", "tests", "{1B5C9473-659D-4F4A-81A9-B575969E0CC7}"
EndProject
Project("{2150E333-8FDC-42A3-9474-1A3956D46DE8}") = "src", "src", "{7BA26B9D-7517-46F5-970C-C133AD95A621}"
EndProject
Project("{2150E333-8FDC-42A3-9474-1A3956D46DE8}") = "Core", "Core", "{60A32B0D-8F71-4898-86ED-D9DA672E9E52}"
EndProject
Project("{2150E333-8FDC-42A3-9474-1A3956D46DE8}") = "Presentation", "Presentation", "{0B590CA6-95E5-4E83-A775-CBA35C4B71A7}"
EndProject
Project("{2150E333-8FDC-42A3-9474-1A3956D46DE8}") = "Infrastructure", "Infrastructure", "{7FED49EE-5873-42D1-A26D-C77E4B416DA0}"
EndProject
Project("{9A19103F-16F7-4668-BE54-9A1E7A4F7556}") = "Music.Library.Application.Tests", "tests\Music.Library.Application.Tests\Music.Library.Application.Tests.csproj", "{92269432-DF01-41A9-B756-8CF5A20F1025}"
EndProject
Project("{9A19103F-16F7-4668-BE54-9A1E7A4F7556}") = "Music.Library.Api.Tests", "tests\Music.Library.Api.Tests\Music.Library.Api.Tests.csproj", "{A4A9738F-2FBA-4431-B160-4A9BD8023E0E}"
EndProject
Project("{9A19103F-16F7-4668-BE54-9A1E7A4F7556}") = "Music.Library.Repositories", "infrastructure\persistence\Music.Library.Repositories\Music.Library.Repositories.csproj", "{20F20181-ECDF-4718-9320-994EA36ED970}"
EndProject
Project("{9A19103F-16F7-4668-BE54-9A1E7A4F7556}") = "Music.Library.Api", "infrastructure\client\Music.Library.Api\Music.Library.Api.csproj", "{DFEB610A-45F7-4EC7-BD66-8E17602BFE7F}"
EndProject
Project("{9A19103F-16F7-4668-BE54-9A1E7A4F7556}") = "Music.Library.Core", "core\Music.Library.Core\Music.Library.Core.csproj", "{625FC339-F9CB-417D-BB62-5366EE965624}"
EndProject
Project("{9A19103F-16F7-4668-BE54-9A1E7A4F7556}") = "Music.Library.Application", "core\Music.Library.Application\Music.Library.Application.csproj", "{C5292168-1CAB-4E5E-989B-4799CBDA4AAB}"
EndProject
Project("{2150E333-8FDC-42A3-9474-1A3956D46DE8}") = "build", "build", "{5A6C4FED-5AE9-4315-9C8A-171A060D2C16}"
	ProjectSection(SolutionItems) = preProject
		..\build\cake\build.cake = ..\build\cake\build.cake
	EndProjectSection
EndProject
Project("{2150E333-8FDC-42A3-9474-1A3956D46DE8}") = "database", "database", "{7CF7B47C-3234-4EC1-8C7A-7FBD0B8AF143}"
	ProjectSection(SolutionItems) = preProject
		music_database_generator.sql = music_database_generator.sql
	EndProjectSection
EndProject
Global
	GlobalSection(SolutionConfigurationPlatforms) = preSolution
		Debug|Any CPU = Debug|Any CPU
		Release|Any CPU = Release|Any CPU
	EndGlobalSection
	GlobalSection(ProjectConfigurationPlatforms) = postSolution
		{92269432-DF01-41A9-B756-8CF5A20F1025}.Debug|Any CPU.ActiveCfg = Debug|Any CPU
		{92269432-DF01-41A9-B756-8CF5A20F1025}.Debug|Any CPU.Build.0 = Debug|Any CPU
		{92269432-DF01-41A9-B756-8CF5A20F1025}.Release|Any CPU.ActiveCfg = Release|Any CPU
		{92269432-DF01-41A9-B756-8CF5A20F1025}.Release|Any CPU.Build.0 = Release|Any CPU
		{A4A9738F-2FBA-4431-B160-4A9BD8023E0E}.Debug|Any CPU.ActiveCfg = Debug|Any CPU
		{A4A9738F-2FBA-4431-B160-4A9BD8023E0E}.Debug|Any CPU.Build.0 = Debug|Any CPU
		{A4A9738F-2FBA-4431-B160-4A9BD8023E0E}.Release|Any CPU.ActiveCfg = Release|Any CPU
		{A4A9738F-2FBA-4431-B160-4A9BD8023E0E}.Release|Any CPU.Build.0 = Release|Any CPU
		{20F20181-ECDF-4718-9320-994EA36ED970}.Debug|Any CPU.ActiveCfg = Debug|Any CPU
		{20F20181-ECDF-4718-9320-994EA36ED970}.Debug|Any CPU.Build.0 = Debug|Any CPU
		{20F20181-ECDF-4718-9320-994EA36ED970}.Release|Any CPU.ActiveCfg = Release|Any CPU
		{20F20181-ECDF-4718-9320-994EA36ED970}.Release|Any CPU.Build.0 = Release|Any CPU
		{DFEB610A-45F7-4EC7-BD66-8E17602BFE7F}.Debug|Any CPU.ActiveCfg = Debug|Any CPU
		{DFEB610A-45F7-4EC7-BD66-8E17602BFE7F}.Debug|Any CPU.Build.0 = Debug|Any CPU
		{DFEB610A-45F7-4EC7-BD66-8E17602BFE7F}.Release|Any CPU.ActiveCfg = Release|Any CPU
		{DFEB610A-45F7-4EC7-BD66-8E17602BFE7F}.Release|Any CPU.Build.0 = Release|Any CPU
		{625FC339-F9CB-417D-BB62-5366EE965624}.Debug|Any CPU.ActiveCfg = Debug|Any CPU
		{625FC339-F9CB-417D-BB62-5366EE965624}.Debug|Any CPU.Build.0 = Debug|Any CPU
		{625FC339-F9CB-417D-BB62-5366EE965624}.Release|Any CPU.ActiveCfg = Release|Any CPU
		{625FC339-F9CB-417D-BB62-5366EE965624}.Release|Any CPU.Build.0 = Release|Any CPU
		{C5292168-1CAB-4E5E-989B-4799CBDA4AAB}.Debug|Any CPU.ActiveCfg = Debug|Any CPU
		{C5292168-1CAB-4E5E-989B-4799CBDA4AAB}.Debug|Any CPU.Build.0 = Debug|Any CPU
		{C5292168-1CAB-4E5E-989B-4799CBDA4AAB}.Release|Any CPU.ActiveCfg = Release|Any CPU
		{C5292168-1CAB-4E5E-989B-4799CBDA4AAB}.Release|Any CPU.Build.0 = Release|Any CPU
	EndGlobalSection
	GlobalSection(SolutionProperties) = preSolution
		HideSolutionNode = FALSE
	EndGlobalSection
	GlobalSection(NestedProjects) = preSolution
		{60A32B0D-8F71-4898-86ED-D9DA672E9E52} = {7BA26B9D-7517-46F5-970C-C133AD95A621}
		{0B590CA6-95E5-4E83-A775-CBA35C4B71A7} = {7BA26B9D-7517-46F5-970C-C133AD95A621}
		{7FED49EE-5873-42D1-A26D-C77E4B416DA0} = {7BA26B9D-7517-46F5-970C-C133AD95A621}
		{92269432-DF01-41A9-B756-8CF5A20F1025} = {1B5C9473-659D-4F4A-81A9-B575969E0CC7}
		{A4A9738F-2FBA-4431-B160-4A9BD8023E0E} = {1B5C9473-659D-4F4A-81A9-B575969E0CC7}
		{20F20181-ECDF-4718-9320-994EA36ED970} = {7FED49EE-5873-42D1-A26D-C77E4B416DA0}
		{DFEB610A-45F7-4EC7-BD66-8E17602BFE7F} = {7FED49EE-5873-42D1-A26D-C77E4B416DA0}
		{625FC339-F9CB-417D-BB62-5366EE965624} = {60A32B0D-8F71-4898-86ED-D9DA672E9E52}
		{C5292168-1CAB-4E5E-989B-4799CBDA4AAB} = {60A32B0D-8F71-4898-86ED-D9DA672E9E52}
	EndGlobalSection
	GlobalSection(ExtensibilityGlobals) = postSolution
		SolutionGuid = {60B6312D-4CE2-4958-9AD6-B3C5740C2468}
	EndGlobalSection
EndGlobal
